
Microsoft Visual Studio Solution File, Format Version 12.00
# Visual Studio Version 17
VisualStudioVersion = 17.7.34031.279
MinimumVisualStudioVersion = 10.0.40219.1
Project("{FAE04EC0-301F-11D3-BF4B-00C04F79EFBC}") = "lab6_ex5_213064", "lab6_ex5_213064\lab6_ex5_213064.csproj", "{AE4762CF-CAF9-481E-8203-2037F569D549}"
EndProject
Global
	GlobalSection(SolutionConfigurationPlatforms) = preSolution
		Debug|Any CPU = Debug|Any CPU
		Release|Any CPU = Release|Any CPU
	EndGlobalSection
	GlobalSection(ProjectConfigurationPlatforms) = postSolution
		{AE4762CF-CAF9-481E-8203-2037F569D549}.Debug|Any CPU.ActiveCfg = Debug|Any CPU
		{AE4762CF-CAF9-481E-8203-2037F569D549}.Debug|Any CPU.Build.0 = Debug|Any CPU
		{AE4762CF-CAF9-481E-8203-2037F569D549}.Release|Any CPU.ActiveCfg = Release|Any CPU
		{AE4762CF-CAF9-481E-8203-2037F569D549}.Release|Any CPU.Build.0 = Release|Any CPU
	EndGlobalSection
	GlobalSection(SolutionProperties) = preSolution
		HideSolutionNode = FALSE
	EndGlobalSection
	GlobalSection(ExtensibilityGlobals) = postSolution
		SolutionGuid = {9A4C8E4E-6C5F-4AD9-82BB-195FD8DB0AAA}
	EndGlobalSection
EndGlobal
